
Microsoft Visual Studio Solution File, Format Version 12.00
# Visual Studio Version 17
VisualStudioVersion = 17.11.35303.130
MinimumVisualStudioVersion = 10.0.40219.1
Project("{FAE04EC0-301F-11D3-BF4B-00C04F79EFBC}") = "EventMgmtTutorial", "EventMgmtTutorial\EventMgmtTutorial.csproj", "{81E61865-C015-4234-9581-C43E3E337EAE}"
EndProject
Global
	GlobalSection(SolutionConfigurationPlatforms) = preSolution
		Debug|Any CPU = Debug|Any CPU
		Release|Any CPU = Release|Any CPU
	EndGlobalSection
	GlobalSection(ProjectConfigurationPlatforms) = postSolution
		{81E61865-C015-4234-9581-C43E3E337EAE}.Debug|Any CPU.ActiveCfg = Debug|Any CPU
		{81E61865-C015-4234-9581-C43E3E337EAE}.Debug|Any CPU.Build.0 = Debug|Any CPU
		{81E61865-C015-4234-9581-C43E3E337EAE}.Release|Any CPU.ActiveCfg = Release|Any CPU
		{81E61865-C015-4234-9581-C43E3E337EAE}.Release|Any CPU.Build.0 = Release|Any CPU
	EndGlobalSection
	GlobalSection(SolutionProperties) = preSolution
		HideSolutionNode = FALSE
	EndGlobalSection
	GlobalSection(ExtensibilityGlobals) = postSolution
		SolutionGuid = {0630E8D0-394C-43AE-A9B4-A2B1A0006B2E}
	EndGlobalSection
EndGlobal
